Microsoft Visual Studio Solution File, Format Version 12.00
# Visual Studio 2012
Project("{FAE04EC0-301F-11D3-BF4B-00C04F79EFBC}") = "2DMastermind", "2DMastermind.csproj", "{43260502-1C2C-4FFD-B3FA-0F004343A34E}"
EndProject
Global
	GlobalSection(SolutionConfigurationPlatforms) = preSolution
	Debug|Any CPU = Debug|Any CPU
	ExportDebug|Any CPU = ExportDebug|Any CPU
	ExportRelease|Any CPU = ExportRelease|Any CPU
	EndGlobalSection
	GlobalSection(ProjectConfigurationPlatforms) = postSolution
		{43260502-1C2C-4FFD-B3FA-0F004343A34E}.Debug|Any CPU.ActiveCfg = Debug|Any CPU
		{43260502-1C2C-4FFD-B3FA-0F004343A34E}.Debug|Any CPU.Build.0 = Debug|Any CPU
		{43260502-1C2C-4FFD-B3FA-0F004343A34E}.ExportDebug|Any CPU.ActiveCfg = ExportDebug|Any CPU
		{43260502-1C2C-4FFD-B3FA-0F004343A34E}.ExportDebug|Any CPU.Build.0 = ExportDebug|Any CPU
		{43260502-1C2C-4FFD-B3FA-0F004343A34E}.ExportRelease|Any CPU.ActiveCfg = ExportRelease|Any CPU
		{43260502-1C2C-4FFD-B3FA-0F004343A34E}.ExportRelease|Any CPU.Build.0 = ExportRelease|Any CPU
	EndGlobalSection
EndGlobal
